// !$*UTF8*$!
{
	archiveVersion = 1;
	classes = {
	};
	objectVersion = 48;
	objects = {

/* Begin PBXBuildFile section */
		A920DB2C1EEB71AE0056328F /* ClassifyVideoVC.swift in Sources */ = {isa = PBXBuildFile; fileRef = A920DB2B1EEB71AE0056328F /* ClassifyVideoVC.swift */; };
		A92370841EF2CB240096381E /* VideoCameraType.swift in Sources */ = {isa = PBXBuildFile; fileRef = A92370801EF2CAAA0096381E /* VideoCameraType.swift */; };
		A92370851EF2CB240096381E /* VideoCapture.swift in Sources */ = {isa = PBXBuildFile; fileRef = A92370811EF2CAAA0096381E /* VideoCapture.swift */; };
		A92370861EF2CB240096381E /* AVCaptureDevice+Extension.swift in Sources */ = {isa = PBXBuildFile; fileRef = A92370821EF2CAAA0096381E /* AVCaptureDevice+Extension.swift */; };
		A92370881EF2CD090096381E /* ClassifyVideoView.swift in Sources */ = {isa = PBXBuildFile; fileRef = A92370871EF2CD090096381E /* ClassifyVideoView.swift */; };
		A923708A1EF2D3030096381E /* VideoClassifier.swift in Sources */ = {isa = PBXBuildFile; fileRef = A92370891EF2D3030096381E /* VideoClassifier.swift */; };
		A924858A1EE65367006DEC3D /* AppDelegate.swift in Sources */ = {isa = PBXBuildFile; fileRef = A92485891EE65367006DEC3D /* AppDelegate.swift */; };
		A924858C1EE65367006DEC3D /* ClassifyVC.swift in Sources */ = {isa = PBXBuildFile; fileRef = A924858B1EE65367006DEC3D /* ClassifyVC.swift */; };
		A92485911EE65367006DEC3D /* Assets.xcassets in Resources */ = {isa = PBXBuildFile; fileRef = A92485901EE65367006DEC3D /* Assets.xcassets */; };
		A9650D2B1EE8A981005DE5DB /* UIImage+Processing.swift in Sources */ = {isa = PBXBuildFile; fileRef = A9650D2A1EE8A92A005DE5DB /* UIImage+Processing.swift */; };
		A9650D311EE8BD5F005DE5DB /* Prediction.swift in Sources */ = {isa = PBXBuildFile; fileRef = A9650D301EE8BD5F005DE5DB /* Prediction.swift */; };
		A969B4911EF041E900914B05 /* ResnetLabels.json in Resources */ = {isa = PBXBuildFile; fileRef = A969B4901EF041E900914B05 /* ResnetLabels.json */; };
		A969B4931EF042B000914B05 /* ClassLabel.swift in Sources */ = {isa = PBXBuildFile; fileRef = A969B4921EF042B000914B05 /* ClassLabel.swift */; };
		A969B4951EF0568000914B05 /* ImageClassifier.swift in Sources */ = {isa = PBXBuildFile; fileRef = A969B4941EF0568000914B05 /* ImageClassifier.swift */; };
		A99A20C41EE733590010CF44 /* ClassifyView.swift in Sources */ = {isa = PBXBuildFile; fileRef = A99A20C31EE733590010CF44 /* ClassifyView.swift */; };
		A99A20CF1EE778550010CF44 /* LaunchScreen.storyboard in Resources */ = {isa = PBXBuildFile; fileRef = A99A20CE1EE778550010CF44 /* LaunchScreen.storyboard */; };
		A9FF40511EF0320700E379D1 /* Resnet50.mlmodel in Sources */ = {isa = PBXBuildFile; fileRef = A9F708C21EECAEB300341081 /* Resnet50.mlmodel */; };
		A9FF40521EF0320700E379D1 /* StudentDogModel.mlmodel in Sources */ = {isa = PBXBuildFile; fileRef = A9FF404F1EF031FF00E379D1 /* StudentDogModel.mlmodel */; };
/* End PBXBuildFile section */

/* Begin PBXFileReference section */
		A920DB2B1EEB71AE0056328F /* ClassifyVideoVC.swift */ = {isa = PBXFileReference; lastKnownFileType = sourcecode.swift; path = ClassifyVideoVC.swift; sourceTree = "<group>"; };
		A92370801EF2CAAA0096381E /* VideoCameraType.swift */ = {isa = PBXFileReference; lastKnownFileType = sourcecode.swift; path = VideoCameraType.swift; sourceTree = "<group>"; };
		A92370811EF2CAAA0096381E /* VideoCapture.swift */ = {isa = PBXFileReference; lastKnownFileType = sourcecode.swift; path = VideoCapture.swift; sourceTree = "<group>"; };
		A92370821EF2CAAA0096381E /* AVCaptureDevice+Extension.swift */ = {isa = PBXFileReference; lastKnownFileType = sourcecode.swift; path = "AVCaptureDevice+Extension.swift"; sourceTree = "<group>"; };
		A92370871EF2CD090096381E /* ClassifyVideoView.swift */ = {isa = PBXFileReference; lastKnownFileType = sourcecode.swift; path = ClassifyVideoView.swift; sourceTree = "<group>"; };
		A92370891EF2D3030096381E /* VideoClassifier.swift */ = {isa = PBXFileReference; lastKnownFileType = sourcecode.swift; path = VideoClassifier.swift; sourceTree = "<group>"; };
		A92485861EE65367006DEC3D /* DogBreedPrediction.app */ = {isa = PBXFileReference; explicitFileType = wrapper.application; includeInIndex = 0; path = DogBreedPrediction.app; sourceTree = BUILT_PRODUCTS_DIR; };
		A92485891EE65367006DEC3D /* AppDelegate.swift */ = {isa = PBXFileReference; lastKnownFileType = sourcecode.swift; path = AppDelegate.swift; sourceTree = "<group>"; };
		A924858B1EE65367006DEC3D /* ClassifyVC.swift */ = {isa = PBXFileReference; lastKnownFileType = sourcecode.swift; path = ClassifyVC.swift; sourceTree = "<group>"; };
		A92485901EE65367006DEC3D /* Assets.xcassets */ = {isa = PBXFileReference; lastKnownFileType = folder.assetcatalog; path = Assets.xcassets; sourceTree = "<group>"; };
		A92485951EE65367006DEC3D /* Info.plist */ = {isa = PBXFileReference; lastKnownFileType = text.plist.xml; path = Info.plist; sourceTree = "<group>"; };
		A9650D2A1EE8A92A005DE5DB /* UIImage+Processing.swift */ = {isa = PBXFileReference; lastKnownFileType = sourcecode.swift; path = "UIImage+Processing.swift"; sourceTree = "<group>"; };
		A9650D301EE8BD5F005DE5DB /* Prediction.swift */ = {isa = PBXFileReference; lastKnownFileType = sourcecode.swift; path = Prediction.swift; sourceTree = "<group>"; };
		A969B4901EF041E900914B05 /* ResnetLabels.json */ = {isa = PBXFileReference; lastKnownFileType = text.json; path = ResnetLabels.json; sourceTree = "<group>"; };
		A969B4921EF042B000914B05 /* ClassLabel.swift */ = {isa = PBXFileReference; lastKnownFileType = sourcecode.swift; path = ClassLabel.swift; sourceTree = "<group>"; };
		A969B4941EF0568000914B05 /* ImageClassifier.swift */ = {isa = PBXFileReference; lastKnownFileType = sourcecode.swift; path = ImageClassifier.swift; sourceTree = "<group>"; };
		A99A20C31EE733590010CF44 /* ClassifyView.swift */ = {isa = PBXFileReference; lastKnownFileType = sourcecode.swift; path = ClassifyView.swift; sourceTree = "<group>"; };
		A99A20CE1EE778550010CF44 /* LaunchScreen.storyboard */ = {isa = PBXFileReference; lastKnownFileType = file.storyboard; path = LaunchScreen.storyboard; sourceTree = "<group>"; };
		A9F708C21EECAEB300341081 /* Resnet50.mlmodel */ = {isa = PBXFileReference; lastKnownFileType = file.mlmodel; path = Resnet50.mlmodel; sourceTree = "<group>"; };
		A9FF404F1EF031FF00E379D1 /* StudentDogModel.mlmodel */ = {isa = PBXFileReference; lastKnownFileType = file.mlmodel; path = StudentDogModel.mlmodel; sourceTree = "<group>"; };
/* End PBXFileReference section */

/* Begin PBXFrameworksBuildPhase section */
		A92485831EE65367006DEC3D /* Frameworks */ = {
			isa = PBXFrameworksBuildPhase;
			buildActionMask = 2147483647;
			files = (
			);
			runOnlyForDeploymentPostprocessing = 0;
		};
/* End PBXFrameworksBuildPhase section */

/* Begin PBXGroup section */
		A923707F1EF2CAAA0096381E /* VideoCapture */ = {
			isa = PBXGroup;
			children = (
				A92370801EF2CAAA0096381E /* VideoCameraType.swift */,
				A92370811EF2CAAA0096381E /* VideoCapture.swift */,
				A92370821EF2CAAA0096381E /* AVCaptureDevice+Extension.swift */,
			);
			path = VideoCapture;
			sourceTree = "<group>";
		};
		A92370831EF2CAE30096381E /* Classifier */ = {
			isa = PBXGroup;
			children = (
				A969B4921EF042B000914B05 /* ClassLabel.swift */,
				A9650D301EE8BD5F005DE5DB /* Prediction.swift */,
				A969B4941EF0568000914B05 /* ImageClassifier.swift */,
				A92370891EF2D3030096381E /* VideoClassifier.swift */,
			);
			path = Classifier;
			sourceTree = "<group>";
		};
		A924857D1EE65367006DEC3D = {
			isa = PBXGroup;
			children = (
				A92485881EE65367006DEC3D /* DogBreedPrediction */,
				A92485871EE65367006DEC3D /* Products */,
			);
			sourceTree = "<group>";
		};
		A92485871EE65367006DEC3D /* Products */ = {
			isa = PBXGroup;
			children = (
				A92485861EE65367006DEC3D /* DogBreedPrediction.app */,
			);
			name = Products;
			sourceTree = "<group>";
		};
		A92485881EE65367006DEC3D /* DogBreedPrediction */ = {
			isa = PBXGroup;
			children = (
				A92485891EE65367006DEC3D /* AppDelegate.swift */,
				A969B4991EF0891C00914B05 /* Model */,
				A969B4971EF0890100914B05 /* Controller */,
				A969B4981EF0891500914B05 /* View */,
				A969B49A1EF0894C00914B05 /* Resources */,
				A92485951EE65367006DEC3D /* Info.plist */,
			);
			path = DogBreedPrediction;
			sourceTree = "<group>";
		};
		A9650D2C1EE8B124005DE5DB /* Extensions */ = {
			isa = PBXGroup;
			children = (
				A9650D2A1EE8A92A005DE5DB /* UIImage+Processing.swift */,
			);
			path = Extensions;
			sourceTree = "<group>";
		};
		A969B4961EF088F300914B05 /* Services */ = {
			isa = PBXGroup;
			children = (
				A92370831EF2CAE30096381E /* Classifier */,
				A923707F1EF2CAAA0096381E /* VideoCapture */,
			);
			path = Services;
			sourceTree = "<group>";
		};
		A969B4971EF0890100914B05 /* Controller */ = {
			isa = PBXGroup;
			children = (
				A924858B1EE65367006DEC3D /* ClassifyVC.swift */,
				A920DB2B1EEB71AE0056328F /* ClassifyVideoVC.swift */,
			);
			path = Controller;
			sourceTree = "<group>";
		};
		A969B4981EF0891500914B05 /* View */ = {
			isa = PBXGroup;
			children = (
				A99A20C31EE733590010CF44 /* ClassifyView.swift */,
				A92370871EF2CD090096381E /* ClassifyVideoView.swift */,
			);
			path = View;
			sourceTree = "<group>";
		};
		A969B4991EF0891C00914B05 /* Model */ = {
			isa = PBXGroup;
			children = (
				A9650D2C1EE8B124005DE5DB /* Extensions */,
				A99A20D01EE7815C0010CF44 /* ML-Models */,
				A969B4961EF088F300914B05 /* Services */,
			);
			path = Model;
			sourceTree = "<group>";
		};
		A969B49A1EF0894C00914B05 /* Resources */ = {
			isa = PBXGroup;
			children = (
				A92485901EE65367006DEC3D /* Assets.xcassets */,
				A99A20CE1EE778550010CF44 /* LaunchScreen.storyboard */,
				A969B4901EF041E900914B05 /* ResnetLabels.json */,
			);
			path = Resources;
			sourceTree = "<group>";
		};
		A99A20D01EE7815C0010CF44 /* ML-Models */ = {
			isa = PBXGroup;
			children = (
				A9F708C21EECAEB300341081 /* Resnet50.mlmodel */,
				A9FF404F1EF031FF00E379D1 /* StudentDogModel.mlmodel */,
			);
			path = "ML-Models";
			sourceTree = "<group>";
		};
/* End PBXGroup section */

/* Begin PBXNativeTarget section */
		A92485851EE65367006DEC3D /* DogBreedPrediction */ = {
			isa = PBXNativeTarget;
			buildConfigurationList = A92485981EE65367006DEC3D /* Build configuration list for PBXNativeTarget "DogBreedPrediction" */;
			buildPhases = (
				A92485821EE65367006DEC3D /* Sources */,
				A92485831EE65367006DEC3D /* Frameworks */,
				A92485841EE65367006DEC3D /* Resources */,
			);
			buildRules = (
			);
			dependencies = (
			);
			name = DogBreedPrediction;
			productName = DogBreedPrediction;
			productReference = A92485861EE65367006DEC3D /* DogBreedPrediction.app */;
			productType = "com.apple.product-type.application";
		};
/* End PBXNativeTarget section */

/* Begin PBXProject section */
		A924857E1EE65367006DEC3D /* Project object */ = {
			isa = PBXProject;
			attributes = {
				LastSwiftUpdateCheck = 0900;
				LastUpgradeCheck = 0900;
				ORGANIZATIONNAME = Udacity;
				TargetAttributes = {
					A92485851EE65367006DEC3D = {
						CreatedOnToolsVersion = 9.0;
					};
				};
			};
			buildConfigurationList = A92485811EE65367006DEC3D /* Build configuration list for PBXProject "DogBreedPrediction" */;
			compatibilityVersion = "Xcode 8.0";
			developmentRegion = en;
			hasScannedForEncodings = 0;
			knownRegions = (
				en,
				Base,
			);
			mainGroup = A924857D1EE65367006DEC3D;
			productRefGroup = A92485871EE65367006DEC3D /* Products */;
			projectDirPath = "";
			projectRoot = "";
			targets = (
				A92485851EE65367006DEC3D /* DogBreedPrediction */,
			);
		};
/* End PBXProject section */

/* Begin PBXResourcesBuildPhase section */
		A92485841EE65367006DEC3D /* Resources */ = {
			isa = PBXResourcesBuildPhase;
			buildActionMask = 2147483647;
			files = (
				A92485911EE65367006DEC3D /* Assets.xcassets in Resources */,
				A99A20CF1EE778550010CF44 /* LaunchScreen.storyboard in Resources */,
				A969B4911EF041E900914B05 /* ResnetLabels.json in Resources */,
			);
			runOnlyForDeploymentPostprocessing = 0;
		};
/* End PBXResourcesBuildPhase section */

/* Begin PBXSourcesBuildPhase section */
		A92485821EE65367006DEC3D /* Sources */ = {
			isa = PBXSourcesBuildPhase;
			buildActionMask = 2147483647;
			files = (
				A9FF40511EF0320700E379D1 /* Resnet50.mlmodel in Sources */,
				A99A20C41EE733590010CF44 /* ClassifyView.swift in Sources */,
				A924858C1EE65367006DEC3D /* ClassifyVC.swift in Sources */,
				A969B4951EF0568000914B05 /* ImageClassifier.swift in Sources */,
				A92370851EF2CB240096381E /* VideoCapture.swift in Sources */,
				A9650D2B1EE8A981005DE5DB /* UIImage+Processing.swift in Sources */,
				A92370841EF2CB240096381E /* VideoCameraType.swift in Sources */,
				A9FF40521EF0320700E379D1 /* StudentDogModel.mlmodel in Sources */,
				A9650D311EE8BD5F005DE5DB /* Prediction.swift in Sources */,
				A920DB2C1EEB71AE0056328F /* ClassifyVideoVC.swift in Sources */,
				A92370881EF2CD090096381E /* ClassifyVideoView.swift in Sources */,
				A924858A1EE65367006DEC3D /* AppDelegate.swift in Sources */,
				A923708A1EF2D3030096381E /* VideoClassifier.swift in Sources */,
				A969B4931EF042B000914B05 /* ClassLabel.swift in Sources */,
				A92370861EF2CB240096381E /* AVCaptureDevice+Extension.swift in Sources */,
			);
			runOnlyForDeploymentPostprocessing = 0;
		};
/* End PBXSourcesBuildPhase section */

/* Begin XCBuildConfiguration section */
		A92485961EE65367006DEC3D /* Debug */ = {
			isa = XCBuildConfiguration;
			buildSettings = {
				ALWAYS_SEARCH_USER_PATHS = NO;
				CLANG_ANALYZER_NONNULL = YES;
				CLANG_ANALYZER_NUMBER_OBJECT_CONVERSION = YES_AGGRESSIVE;
				CLANG_CXX_LANGUAGE_STANDARD = "gnu++14";
				CLANG_CXX_LIBRARY = "libc++";
				CLANG_ENABLE_MODULES = YES;
				CLANG_ENABLE_OBJC_ARC = YES;
				CLANG_WARN_BLOCK_CAPTURE_AUTORELEASING = YES;
				CLANG_WARN_BOOL_CONVERSION = YES;
				CLANG_WARN_COMMA = YES;
				CLANG_WARN_CONSTANT_CONVERSION = YES;
				CLANG_WARN_DIRECT_OBJC_ISA_USAGE = YES_ERROR;
				CLANG_WARN_DOCUMENTATION_COMMENTS = YES;
				CLANG_WARN_EMPTY_BODY = YES;
				CLANG_WARN_ENUM_CONVERSION = YES;
				CLANG_WARN_INFINITE_RECURSION = YES;
				CLANG_WARN_INT_CONVERSION = YES;
				CLANG_WARN_OBJC_ROOT_CLASS = YES_ERROR;
				CLANG_WARN_RANGE_LOOP_ANALYSIS = YES;
				CLANG_WARN_STRICT_PROTOTYPES = YES;
				CLANG_WARN_SUSPICIOUS_MOVE = YES;
				CLANG_WARN_UNGUARDED_AVAILABILITY = YES_AGGRESSIVE;
				CLANG_WARN_UNREACHABLE_CODE = YES;
				CLANG_WARN__DUPLICATE_METHOD_MATCH = YES;
				CODE_SIGN_IDENTITY = "iPhone Developer";
				COPY_PHASE_STRIP = NO;
				DEBUG_INFORMATION_FORMAT = dwarf;
				ENABLE_STRICT_OBJC_MSGSEND = YES;
				ENABLE_TESTABILITY = YES;
				GCC_C_LANGUAGE_STANDARD = gnu11;
				GCC_DYNAMIC_NO_PIC = NO;
				GCC_NO_COMMON_BLOCKS = YES;
				GCC_OPTIMIZATION_LEVEL = 0;
				GCC_PREPROCESSOR_DEFINITIONS = (
					"DEBUG=1",
					"$(inherited)",
				);
				GCC_WARN_64_TO_32_BIT_CONVERSION = YES;
				GCC_WARN_ABOUT_RETURN_TYPE = YES_ERROR;
				GCC_WARN_UNDECLARED_SELECTOR = YES;
				GCC_WARN_UNINITIALIZED_AUTOS = YES_AGGRESSIVE;
				GCC_WARN_UNUSED_FUNCTION = YES;
				GCC_WARN_UNUSED_VARIABLE = YES;
				IPHONEOS_DEPLOYMENT_TARGET = 11.0;
				MTL_ENABLE_DEBUG_INFO = YES;
				ONLY_ACTIVE_ARCH = YES;
				SDKROOT = iphoneos;
				SWIFT_ACTIVE_COMPILATION_CONDITIONS = DEBUG;
				SWIFT_OPTIMIZATION_LEVEL = "-Onone";
			};
			name = Debug;
		};
		A92485971EE65367006DEC3D /* Release */ = {
			isa = XCBuildConfiguration;
			buildSettings = {
				ALWAYS_SEARCH_USER_PATHS = NO;
				CLANG_ANALYZER_NONNULL = YES;
				CLANG_ANALYZER_NUMBER_OBJECT_CONVERSION = YES_AGGRESSIVE;
				CLANG_CXX_LANGUAGE_STANDARD = "gnu++14";
				CLANG_CXX_LIBRARY = "libc++";
				CLANG_ENABLE_MODULES = YES;
				CLANG_ENABLE_OBJC_ARC = YES;
				CLANG_WARN_BLOCK_CAPTURE_AUTORELEASING = YES;
				CLANG_WARN_BOOL_CONVERSION = YES;
				CLANG_WARN_COMMA = YES;
				CLANG_WARN_CONSTANT_CONVERSION = YES;
				CLANG_WARN_DIRECT_OBJC_ISA_USAGE = YES_ERROR;
				CLANG_WARN_DOCUMENTATION_COMMENTS = YES;
				CLANG_WARN_EMPTY_BODY = YES;
				CLANG_WARN_ENUM_CONVERSION = YES;
				CLANG_WARN_INFINITE_RECURSION = YES;
				CLANG_WARN_INT_CONVERSION = YES;
				CLANG_WARN_OBJC_ROOT_CLASS = YES_ERROR;
				CLANG_WARN_RANGE_LOOP_ANALYSIS = YES;
				CLANG_WARN_STRICT_PROTOTYPES = YES;
				CLANG_WARN_SUSPICIOUS_MOVE = YES;
				CLANG_WARN_UNGUARDED_AVAILABILITY = YES_AGGRESSIVE;
				CLANG_WARN_UNREACHABLE_CODE = YES;
				CLANG_WARN__DUPLICATE_METHOD_MATCH = YES;
				CODE_SIGN_IDENTITY = "iPhone Developer";
				COPY_PHASE_STRIP = NO;
				DEBUG_INFORMATION_FORMAT = "dwarf-with-dsym";
				ENABLE_NS_ASSERTIONS = NO;
				ENABLE_STRICT_OBJC_MSGSEND = YES;
				GCC_C_LANGUAGE_STANDARD = gnu11;
				GCC_NO_COMMON_BLOCKS = YES;
				GCC_WARN_64_TO_32_BIT_CONVERSION = YES;
				GCC_WARN_ABOUT_RETURN_TYPE = YES_ERROR;
				GCC_WARN_UNDECLARED_SELECTOR = YES;
				GCC_WARN_UNINITIALIZED_AUTOS = YES_AGGRESSIVE;
				GCC_WARN_UNUSED_FUNCTION = YES;
				GCC_WARN_UNUSED_VARIABLE = YES;
				IPHONEOS_DEPLOYMENT_TARGET = 11.0;
				MTL_ENABLE_DEBUG_INFO = NO;
				SDKROOT = iphoneos;
				SWIFT_OPTIMIZATION_LEVEL = "-Owholemodule";
				VALIDATE_PRODUCT = YES;
			};
			name = Release;
		};
		A92485991EE65367006DEC3D /* Debug */ = {
			isa = XCBuildConfiguration;
			buildSettings = {
				ASSETCATALOG_COMPILER_APPICON_NAME = AppIcon;
				DEVELOPMENT_TEAM = AT7S4C746C;
				INFOPLIST_FILE = DogBreedPrediction/Info.plist;
				LD_RUNPATH_SEARCH_PATHS = "$(inherited) @executable_path/Frameworks";
				PRODUCT_BUNDLE_IDENTIFIER = com.udacity.DogBreedPrediction;
				PRODUCT_NAME = "$(TARGET_NAME)";
				SWIFT_VERSION = 4.0;
				TARGETED_DEVICE_FAMILY = "1,2";
			};
			name = Debug;
		};
		A924859A1EE65367006DEC3D /* Release */ = {
			isa = XCBuildConfiguration;
			buildSettings = {
				ASSETCATALOG_COMPILER_APPICON_NAME = AppIcon;
				DEVELOPMENT_TEAM = AT7S4C746C;
				INFOPLIST_FILE = DogBreedPrediction/Info.plist;
				LD_RUNPATH_SEARCH_PATHS = "$(inherited) @executable_path/Frameworks";
				PRODUCT_BUNDLE_IDENTIFIER = com.udacity.DogBreedPrediction;
				PRODUCT_NAME = "$(TARGET_NAME)";
				SWIFT_VERSION = 4.0;
				TARGETED_DEVICE_FAMILY = "1,2";
			};
			name = Release;
		};
/* End XCBuildConfiguration section */

/* Begin XCConfigurationList section */
		A92485811EE65367006DEC3D /* Build configuration list for PBXProject "DogBreedPrediction" */ = {
			isa = XCConfigurationList;
			buildConfigurations = (
				A92485961EE65367006DEC3D /* Debug */,
				A92485971EE65367006DEC3D /* Release */,
			);
			defaultConfigurationIsVisible = 0;
			defaultConfigurationName = Release;
		};
		A92485981EE65367006DEC3D /* Build configuration list for PBXNativeTarget "DogBreedPrediction" */ = {
			isa = XCConfigurationList;
			buildConfigurations = (
				A92485991EE65367006DEC3D /* Debug */,
				A924859A1EE65367006DEC3D /* Release */,
			);
			defaultConfigurationIsVisible = 0;
			defaultConfigurationName = Release;
		};
/* End XCConfigurationList section */
	};
	rootObject = A924857E1EE65367006DEC3D /* Project object */;
}
