// !$*UTF8*$!
{
	archiveVersion = 1;
	classes = {
	};
	objectVersion = 48;
	objects = {

/* Begin PBXBuildFile section */
		A924858A1EE65367006DEC3D /* AppDelegate.swift in Sources */ = {isa = PBXBuildFile; fileRef = A92485891EE65367006DEC3D /* AppDelegate.swift */; };
		A924858C1EE65367006DEC3D /* ClassifyVC.swift in Sources */ = {isa = PBXBuildFile; fileRef = A924858B1EE65367006DEC3D /* ClassifyVC.swift */; };
		A92485911EE65367006DEC3D /* Assets.xcassets in Resources */ = {isa = PBXBuildFile; fileRef = A92485901EE65367006DEC3D /* Assets.xcassets */; };
		A9650D291EE89FFD005DE5DB /* Resnet50.mlmodel in Sources */ = {isa = PBXBuildFile; fileRef = A9650D281EE89FFD005DE5DB /* Resnet50.mlmodel */; };
		A9650D2B1EE8A981005DE5DB /* UIImage+Processing.swift in Sources */ = {isa = PBXBuildFile; fileRef = A9650D2A1EE8A92A005DE5DB /* UIImage+Processing.swift */; };
		A9650D311EE8BD5F005DE5DB /* Prediction.swift in Sources */ = {isa = PBXBuildFile; fileRef = A9650D301EE8BD5F005DE5DB /* Prediction.swift */; };
		A99A20C41EE733590010CF44 /* ClassifyView.swift in Sources */ = {isa = PBXBuildFile; fileRef = A99A20C31EE733590010CF44 /* ClassifyView.swift */; };
		A99A20CF1EE778550010CF44 /* LaunchScreen.storyboard in Resources */ = {isa = PBXBuildFile; fileRef = A99A20CE1EE778550010CF44 /* LaunchScreen.storyboard */; };
		A9E2E2851EEB600F001B73AF /* Colorspace.swift in Sources */ = {isa = PBXBuildFile; fileRef = A9E2E2841EEB600F001B73AF /* Colorspace.swift */; };
		A9E2E2871EEB653C001B73AF /* RGBA32.swift in Sources */ = {isa = PBXBuildFile; fileRef = A9E2E2861EEB646D001B73AF /* RGBA32.swift */; };
/* End PBXBuildFile section */

/* Begin PBXFileReference section */
		A92485861EE65367006DEC3D /* DogBreedPrediction.app */ = {isa = PBXFileReference; explicitFileType = wrapper.application; includeInIndex = 0; path = DogBreedPrediction.app; sourceTree = BUILT_PRODUCTS_DIR; };
		A92485891EE65367006DEC3D /* AppDelegate.swift */ = {isa = PBXFileReference; lastKnownFileType = sourcecode.swift; path = AppDelegate.swift; sourceTree = "<group>"; };
		A924858B1EE65367006DEC3D /* ClassifyVC.swift */ = {isa = PBXFileReference; lastKnownFileType = sourcecode.swift; path = ClassifyVC.swift; sourceTree = "<group>"; };
		A92485901EE65367006DEC3D /* Assets.xcassets */ = {isa = PBXFileReference; lastKnownFileType = folder.assetcatalog; path = Assets.xcassets; sourceTree = "<group>"; };
		A92485951EE65367006DEC3D /* Info.plist */ = {isa = PBXFileReference; lastKnownFileType = text.plist.xml; path = Info.plist; sourceTree = "<group>"; };
		A9650D281EE89FFD005DE5DB /* Resnet50.mlmodel */ = {isa = PBXFileReference; lastKnownFileType = file.mlmodel; name = Resnet50.mlmodel; path = ../../../../../../Downloads/Resnet50.mlmodel; sourceTree = "<group>"; };
		A9650D2A1EE8A92A005DE5DB /* UIImage+Processing.swift */ = {isa = PBXFileReference; lastKnownFileType = sourcecode.swift; path = "UIImage+Processing.swift"; sourceTree = "<group>"; };
		A9650D301EE8BD5F005DE5DB /* Prediction.swift */ = {isa = PBXFileReference; lastKnownFileType = sourcecode.swift; path = Prediction.swift; sourceTree = "<group>"; };
		A99A20C31EE733590010CF44 /* ClassifyView.swift */ = {isa = PBXFileReference; lastKnownFileType = sourcecode.swift; path = ClassifyView.swift; sourceTree = "<group>"; };
		A99A20CE1EE778550010CF44 /* LaunchScreen.storyboard */ = {isa = PBXFileReference; lastKnownFileType = file.storyboard; path = LaunchScreen.storyboard; sourceTree = "<group>"; };
		A9E2E2841EEB600F001B73AF /* Colorspace.swift */ = {isa = PBXFileReference; lastKnownFileType = sourcecode.swift; path = Colorspace.swift; sourceTree = "<group>"; };
		A9E2E2861EEB646D001B73AF /* RGBA32.swift */ = {isa = PBXFileReference; lastKnownFileType = sourcecode.swift; path = RGBA32.swift; sourceTree = "<group>"; };
/* End PBXFileReference section */

/* Begin PBXFrameworksBuildPhase section */
		A92485831EE65367006DEC3D /* Frameworks */ = {
			isa = PBXFrameworksBuildPhase;
			buildActionMask = 2147483647;
			files = (
			);
			runOnlyForDeploymentPostprocessing = 0;
		};
/* End PBXFrameworksBuildPhase section */

/* Begin PBXGroup section */
		A924857D1EE65367006DEC3D = {
			isa = PBXGroup;
			children = (
				A92485881EE65367006DEC3D /* DogBreedPrediction */,
				A92485871EE65367006DEC3D /* Products */,
			);
			sourceTree = "<group>";
		};
		A92485871EE65367006DEC3D /* Products */ = {
			isa = PBXGroup;
			children = (
				A92485861EE65367006DEC3D /* DogBreedPrediction.app */,
			);
			name = Products;
			sourceTree = "<group>";
		};
		A92485881EE65367006DEC3D /* DogBreedPrediction */ = {
			isa = PBXGroup;
			children = (
				A92485891EE65367006DEC3D /* AppDelegate.swift */,
				A924858B1EE65367006DEC3D /* ClassifyVC.swift */,
				A99A20C31EE733590010CF44 /* ClassifyView.swift */,
				A9650D2D1EE8BCF5005DE5DB /* Types */,
				A9650D2C1EE8B124005DE5DB /* Extensions */,
				A99A20D01EE7815C0010CF44 /* Models */,
				A92485901EE65367006DEC3D /* Assets.xcassets */,
				A99A20CE1EE778550010CF44 /* LaunchScreen.storyboard */,
				A92485951EE65367006DEC3D /* Info.plist */,
			);
			path = DogBreedPrediction;
			sourceTree = "<group>";
		};
		A9650D2C1EE8B124005DE5DB /* Extensions */ = {
			isa = PBXGroup;
			children = (
				A9650D2A1EE8A92A005DE5DB /* UIImage+Processing.swift */,
			);
			path = Extensions;
			sourceTree = "<group>";
		};
		A9650D2D1EE8BCF5005DE5DB /* Types */ = {
			isa = PBXGroup;
			children = (
				A9E2E2841EEB600F001B73AF /* Colorspace.swift */,
				A9650D301EE8BD5F005DE5DB /* Prediction.swift */,
				A9E2E2861EEB646D001B73AF /* RGBA32.swift */,
			);
			path = Types;
			sourceTree = "<group>";
		};
		A99A20D01EE7815C0010CF44 /* Models */ = {
			isa = PBXGroup;
			children = (
				A9650D281EE89FFD005DE5DB /* Resnet50.mlmodel */,
			);
			path = Models;
			sourceTree = "<group>";
		};
/* End PBXGroup section */

/* Begin PBXNativeTarget section */
		A92485851EE65367006DEC3D /* DogBreedPrediction */ = {
			isa = PBXNativeTarget;
			buildConfigurationList = A92485981EE65367006DEC3D /* Build configuration list for PBXNativeTarget "DogBreedPrediction" */;
			buildPhases = (
				A92485821EE65367006DEC3D /* Sources */,
				A92485831EE65367006DEC3D /* Frameworks */,
				A92485841EE65367006DEC3D /* Resources */,
			);
			buildRules = (
			);
			dependencies = (
			);
			name = DogBreedPrediction;
			productName = DogBreedPrediction;
			productReference = A92485861EE65367006DEC3D /* DogBreedPrediction.app */;
			productType = "com.apple.product-type.application";
		};
/* End PBXNativeTarget section */

/* Begin PBXProject section */
		A924857E1EE65367006DEC3D /* Project object */ = {
			isa = PBXProject;
			attributes = {
				LastSwiftUpdateCheck = 0900;
				LastUpgradeCheck = 0900;
				ORGANIZATIONNAME = Udacity;
				TargetAttributes = {
					A92485851EE65367006DEC3D = {
						CreatedOnToolsVersion = 9.0;
					};
				};
			};
			buildConfigurationList = A92485811EE65367006DEC3D /* Build configuration list for PBXProject "DogBreedPrediction" */;
			compatibilityVersion = "Xcode 8.0";
			developmentRegion = en;
			hasScannedForEncodings = 0;
			knownRegions = (
				en,
				Base,
			);
			mainGroup = A924857D1EE65367006DEC3D;
			productRefGroup = A92485871EE65367006DEC3D /* Products */;
			projectDirPath = "";
			projectRoot = "";
			targets = (
				A92485851EE65367006DEC3D /* DogBreedPrediction */,
			);
		};
/* End PBXProject section */

/* Begin PBXResourcesBuildPhase section */
		A92485841EE65367006DEC3D /* Resources */ = {
			isa = PBXResourcesBuildPhase;
			buildActionMask = 2147483647;
			files = (
				A92485911EE65367006DEC3D /* Assets.xcassets in Resources */,
				A99A20CF1EE778550010CF44 /* LaunchScreen.storyboard in Resources */,
			);
			runOnlyForDeploymentPostprocessing = 0;
		};
/* End PBXResourcesBuildPhase section */

/* Begin PBXSourcesBuildPhase section */
		A92485821EE65367006DEC3D /* Sources */ = {
			isa = PBXSourcesBuildPhase;
			buildActionMask = 2147483647;
			files = (
				A9E2E2871EEB653C001B73AF /* RGBA32.swift in Sources */,
				A99A20C41EE733590010CF44 /* ClassifyView.swift in Sources */,
				A924858C1EE65367006DEC3D /* ClassifyVC.swift in Sources */,
				A9650D2B1EE8A981005DE5DB /* UIImage+Processing.swift in Sources */,
				A9650D311EE8BD5F005DE5DB /* Prediction.swift in Sources */,
				A9650D291EE89FFD005DE5DB /* Resnet50.mlmodel in Sources */,
				A9E2E2851EEB600F001B73AF /* Colorspace.swift in Sources */,
				A924858A1EE65367006DEC3D /* AppDelegate.swift in Sources */,
			);
			runOnlyForDeploymentPostprocessing = 0;
		};
/* End PBXSourcesBuildPhase section */

/* Begin XCBuildConfiguration section */
		A92485961EE65367006DEC3D /* Debug */ = {
			isa = XCBuildConfiguration;
			buildSettings = {
				ALWAYS_SEARCH_USER_PATHS = NO;
				CLANG_ANALYZER_NONNULL = YES;
				CLANG_ANALYZER_NUMBER_OBJECT_CONVERSION = YES_AGGRESSIVE;
				CLANG_CXX_LANGUAGE_STANDARD = "gnu++14";
				CLANG_CXX_LIBRARY = "libc++";
				CLANG_ENABLE_MODULES = YES;
				CLANG_ENABLE_OBJC_ARC = YES;
				CLANG_WARN_BLOCK_CAPTURE_AUTORELEASING = YES;
				CLANG_WARN_BOOL_CONVERSION = YES;
				CLANG_WARN_COMMA = YES;
				CLANG_WARN_CONSTANT_CONVERSION = YES;
				CLANG_WARN_DIRECT_OBJC_ISA_USAGE = YES_ERROR;
				CLANG_WARN_DOCUMENTATION_COMMENTS = YES;
				CLANG_WARN_EMPTY_BODY = YES;
				CLANG_WARN_ENUM_CONVERSION = YES;
				CLANG_WARN_INFINITE_RECURSION = YES;
				CLANG_WARN_INT_CONVERSION = YES;
				CLANG_WARN_OBJC_ROOT_CLASS = YES_ERROR;
				CLANG_WARN_RANGE_LOOP_ANALYSIS = YES;
				CLANG_WARN_STRICT_PROTOTYPES = YES;
				CLANG_WARN_SUSPICIOUS_MOVE = YES;
				CLANG_WARN_UNGUARDED_AVAILABILITY = YES_AGGRESSIVE;
				CLANG_WARN_UNREACHABLE_CODE = YES;
				CLANG_WARN__DUPLICATE_METHOD_MATCH = YES;
				CODE_SIGN_IDENTITY = "iPhone Developer";
				COPY_PHASE_STRIP = NO;
				DEBUG_INFORMATION_FORMAT = dwarf;
				ENABLE_STRICT_OBJC_MSGSEND = YES;
				ENABLE_TESTABILITY = YES;
				GCC_C_LANGUAGE_STANDARD = gnu11;
				GCC_DYNAMIC_NO_PIC = NO;
				GCC_NO_COMMON_BLOCKS = YES;
				GCC_OPTIMIZATION_LEVEL = 0;
				GCC_PREPROCESSOR_DEFINITIONS = (
					"DEBUG=1",
					"$(inherited)",
				);
				GCC_WARN_64_TO_32_BIT_CONVERSION = YES;
				GCC_WARN_ABOUT_RETURN_TYPE = YES_ERROR;
				GCC_WARN_UNDECLARED_SELECTOR = YES;
				GCC_WARN_UNINITIALIZED_AUTOS = YES_AGGRESSIVE;
				GCC_WARN_UNUSED_FUNCTION = YES;
				GCC_WARN_UNUSED_VARIABLE = YES;
				IPHONEOS_DEPLOYMENT_TARGET = 11.0;
				MTL_ENABLE_DEBUG_INFO = YES;
				ONLY_ACTIVE_ARCH = YES;
				SDKROOT = iphoneos;
				SWIFT_ACTIVE_COMPILATION_CONDITIONS = DEBUG;
				SWIFT_OPTIMIZATION_LEVEL = "-Onone";
			};
			name = Debug;
		};
		A92485971EE65367006DEC3D /* Release */ = {
			isa = XCBuildConfiguration;
			buildSettings = {
				ALWAYS_SEARCH_USER_PATHS = NO;
				CLANG_ANALYZER_NONNULL = YES;
				CLANG_ANALYZER_NUMBER_OBJECT_CONVERSION = YES_AGGRESSIVE;
				CLANG_CXX_LANGUAGE_STANDARD = "gnu++14";
				CLANG_CXX_LIBRARY = "libc++";
				CLANG_ENABLE_MODULES = YES;
				CLANG_ENABLE_OBJC_ARC = YES;
				CLANG_WARN_BLOCK_CAPTURE_AUTORELEASING = YES;
				CLANG_WARN_BOOL_CONVERSION = YES;
				CLANG_WARN_COMMA = YES;
				CLANG_WARN_CONSTANT_CONVERSION = YES;
				CLANG_WARN_DIRECT_OBJC_ISA_USAGE = YES_ERROR;
				CLANG_WARN_DOCUMENTATION_COMMENTS = YES;
				CLANG_WARN_EMPTY_BODY = YES;
				CLANG_WARN_ENUM_CONVERSION = YES;
				CLANG_WARN_INFINITE_RECURSION = YES;
				CLANG_WARN_INT_CONVERSION = YES;
				CLANG_WARN_OBJC_ROOT_CLASS = YES_ERROR;
				CLANG_WARN_RANGE_LOOP_ANALYSIS = YES;
				CLANG_WARN_STRICT_PROTOTYPES = YES;
				CLANG_WARN_SUSPICIOUS_MOVE = YES;
				CLANG_WARN_UNGUARDED_AVAILABILITY = YES_AGGRESSIVE;
				CLANG_WARN_UNREACHABLE_CODE = YES;
				CLANG_WARN__DUPLICATE_METHOD_MATCH = YES;
				CODE_SIGN_IDENTITY = "iPhone Developer";
				COPY_PHASE_STRIP = NO;
				DEBUG_INFORMATION_FORMAT = "dwarf-with-dsym";
				ENABLE_NS_ASSERTIONS = NO;
				ENABLE_STRICT_OBJC_MSGSEND = YES;
				GCC_C_LANGUAGE_STANDARD = gnu11;
				GCC_NO_COMMON_BLOCKS = YES;
				GCC_WARN_64_TO_32_BIT_CONVERSION = YES;
				GCC_WARN_ABOUT_RETURN_TYPE = YES_ERROR;
				GCC_WARN_UNDECLARED_SELECTOR = YES;
				GCC_WARN_UNINITIALIZED_AUTOS = YES_AGGRESSIVE;
				GCC_WARN_UNUSED_FUNCTION = YES;
				GCC_WARN_UNUSED_VARIABLE = YES;
				IPHONEOS_DEPLOYMENT_TARGET = 11.0;
				MTL_ENABLE_DEBUG_INFO = NO;
				SDKROOT = iphoneos;
				SWIFT_OPTIMIZATION_LEVEL = "-Owholemodule";
				VALIDATE_PRODUCT = YES;
			};
			name = Release;
		};
		A92485991EE65367006DEC3D /* Debug */ = {
			isa = XCBuildConfiguration;
			buildSettings = {
				ASSETCATALOG_COMPILER_APPICON_NAME = AppIcon;
				INFOPLIST_FILE = DogBreedPrediction/Info.plist;
				LD_RUNPATH_SEARCH_PATHS = "$(inherited) @executable_path/Frameworks";
				PRODUCT_BUNDLE_IDENTIFIER = com.udacity.DogBreedPrediction;
				PRODUCT_NAME = "$(TARGET_NAME)";
				SWIFT_VERSION = 4.0;
				TARGETED_DEVICE_FAMILY = "1,2";
			};
			name = Debug;
		};
		A924859A1EE65367006DEC3D /* Release */ = {
			isa = XCBuildConfiguration;
			buildSettings = {
				ASSETCATALOG_COMPILER_APPICON_NAME = AppIcon;
				INFOPLIST_FILE = DogBreedPrediction/Info.plist;
				LD_RUNPATH_SEARCH_PATHS = "$(inherited) @executable_path/Frameworks";
				PRODUCT_BUNDLE_IDENTIFIER = com.udacity.DogBreedPrediction;
				PRODUCT_NAME = "$(TARGET_NAME)";
				SWIFT_VERSION = 4.0;
				TARGETED_DEVICE_FAMILY = "1,2";
			};
			name = Release;
		};
/* End XCBuildConfiguration section */

/* Begin XCConfigurationList section */
		A92485811EE65367006DEC3D /* Build configuration list for PBXProject "DogBreedPrediction" */ = {
			isa = XCConfigurationList;
			buildConfigurations = (
				A92485961EE65367006DEC3D /* Debug */,
				A92485971EE65367006DEC3D /* Release */,
			);
			defaultConfigurationIsVisible = 0;
			defaultConfigurationName = Release;
		};
		A92485981EE65367006DEC3D /* Build configuration list for PBXNativeTarget "DogBreedPrediction" */ = {
			isa = XCConfigurationList;
			buildConfigurations = (
				A92485991EE65367006DEC3D /* Debug */,
				A924859A1EE65367006DEC3D /* Release */,
			);
			defaultConfigurationIsVisible = 0;
			defaultConfigurationName = Release;
		};
/* End XCConfigurationList section */
	};
	rootObject = A924857E1EE65367006DEC3D /* Project object */;
}
